
Microsoft Visual Studio Solution File, Format Version 12.00
# Visual Studio Version 17
VisualStudioVersion = 17.5.33502.453
MinimumVisualStudioVersion = 10.0.40219.1
Project("{FAE04EC0-301F-11D3-BF4B-00C04F79EFBC}") = "Assign_1", "Assign_1.csproj", "{A7FD4052-2CF1-47EC-8CD4-EBCA1D1D1DAF}"
EndProject
Global
	GlobalSection(SolutionConfigurationPlatforms) = preSolution
		Debug|Any CPU = Debug|Any CPU
		Release|Any CPU = Release|Any CPU
	EndGlobalSection
	GlobalSection(ProjectConfigurationPlatforms) = postSolution
		{A7FD4052-2CF1-47EC-8CD4-EBCA1D1D1DAF}.Debug|Any CPU.ActiveCfg = Debug|Any CPU
		{A7FD4052-2CF1-47EC-8CD4-EBCA1D1D1DAF}.Debug|Any CPU.Build.0 = Debug|Any CPU
		{A7FD4052-2CF1-47EC-8CD4-EBCA1D1D1DAF}.Release|Any CPU.ActiveCfg = Release|Any CPU
		{A7FD4052-2CF1-47EC-8CD4-EBCA1D1D1DAF}.Release|Any CPU.Build.0 = Release|Any CPU
	EndGlobalSection
	GlobalSection(SolutionProperties) = preSolution
		HideSolutionNode = FALSE
	EndGlobalSection
	GlobalSection(ExtensibilityGlobals) = postSolution
		SolutionGuid = {607C10BD-E4EC-471B-B1D0-11A2F8F675F7}
	EndGlobalSection
EndGlobal
